
Microsoft Visual Studio Solution File, Format Version 12.00
# Visual Studio Version 17
VisualStudioVersion = 17.4.33205.214
MinimumVisualStudioVersion = 10.0.40219.1
Project("{FAE04EC0-301F-11D3-BF4B-00C04F79EFBC}") = "TaskArrays", "TaskArrays\TaskArrays.csproj", "{8CCFA520-6B8D-4712-8AE7-855C03610F2B}"
EndProject
Global
	GlobalSection(SolutionConfigurationPlatforms) = preSolution
		Debug|Any CPU = Debug|Any CPU
		Release|Any CPU = Release|Any CPU
	EndGlobalSection
	GlobalSection(ProjectConfigurationPlatforms) = postSolution
		{8CCFA520-6B8D-4712-8AE7-855C03610F2B}.Debug|Any CPU.ActiveCfg = Debug|Any CPU
		{8CCFA520-6B8D-4712-8AE7-855C03610F2B}.Debug|Any CPU.Build.0 = Debug|Any CPU
		{8CCFA520-6B8D-4712-8AE7-855C03610F2B}.Release|Any CPU.ActiveCfg = Release|Any CPU
		{8CCFA520-6B8D-4712-8AE7-855C03610F2B}.Release|Any CPU.Build.0 = Release|Any CPU
	EndGlobalSection
	GlobalSection(SolutionProperties) = preSolution
		HideSolutionNode = FALSE
	EndGlobalSection
	GlobalSection(ExtensibilityGlobals) = postSolution
		SolutionGuid = {0BE42C7C-909A-49B7-96C4-E7B2D0AB68F3}
	EndGlobalSection
EndGlobal
